// !$*UTF8*$!
{
	archiveVersion = 1;
	classes = {
	};
	objectVersion = 56;
	objects = {

/* Begin PBXBuildFile section */
		9B010001 /* VigilORApp.swift in Sources */ = {isa = PBXBuildFile; fileRef = 9F010001 /* VigilORApp.swift */; };
		9B010002 /* ContentView.swift in Sources */ = {isa = PBXBuildFile; fileRef = 9F010002 /* ContentView.swift */; };
		9B010003 /* CalendarManager.swift in Sources */ = {isa = PBXBuildFile; fileRef = 9F010003 /* CalendarManager.swift */; };
		9B010004 /* MailManager.swift in Sources */ = {isa = PBXBuildFile; fileRef = 9F010004 /* MailManager.swift */; };
		9B010005 /* AppIcon60x60@2x.png in Resources */ = {isa = PBXBuildFile; fileRef = 9F010006 /* AppIcon60x60@2x.png */; };
		9B010006 /* AppIcon60x60@3x.png in Resources */ = {isa = PBXBuildFile; fileRef = 9F010007 /* AppIcon60x60@3x.png */; };
		9B010007 /* AppIcon1024.png in Resources */ = {isa = PBXBuildFile; fileRef = 9F010008 /* AppIcon1024.png */; };
/* End PBXBuildFile section */

/* Begin PBXFileReference section */
		9F010000 /* VigilOR.app */ = {isa = PBXFileReference; explicitFileType = wrapper.application; includeInIndex = 0; path = VigilOR.app; sourceTree = BUILT_PRODUCTS_DIR; };
		9F010001 /* VigilORApp.swift */ = {isa = PBXFileReference; lastKnownFileType = sourcecode.swift; path = VigilORApp.swift; sourceTree = "<group>"; };
		9F010002 /* ContentView.swift */ = {isa = PBXFileReference; lastKnownFileType = sourcecode.swift; path = ContentView.swift; sourceTree = "<group>"; };
		9F010003 /* CalendarManager.swift */ = {isa = PBXFileReference; lastKnownFileType = sourcecode.swift; path = CalendarManager.swift; sourceTree = "<group>"; };
		9F010004 /* MailManager.swift */ = {isa = PBXFileReference; lastKnownFileType = sourcecode.swift; path = MailManager.swift; sourceTree = "<group>"; };
		9F010005 /* Info.plist */ = {isa = PBXFileReference; lastKnownFileType = text.plist.xml; path = Info.plist; sourceTree = "<group>"; };
		9F010006 /* AppIcon60x60@2x.png */ = {isa = PBXFileReference; lastKnownFileType = image.png; path = "Resources/AppIcon60x60@2x.png"; sourceTree = "<group>"; };
		9F010007 /* AppIcon60x60@3x.png */ = {isa = PBXFileReference; lastKnownFileType = image.png; path = "Resources/AppIcon60x60@3x.png"; sourceTree = "<group>"; };
		9F010008 /* AppIcon1024.png */ = {isa = PBXFileReference; lastKnownFileType = image.png; path = "Resources/AppIcon1024.png"; sourceTree = "<group>"; };
/* End PBXFileReference section */

/* Begin PBXFrameworksBuildPhase section */
		9B020000 /* Frameworks */ = {
			isa = PBXFrameworksBuildPhase;
			buildActionMask = 2147483647;
			files = (
			);
			runOnlyForDeploymentPostprocessing = 0;
		};
/* End PBXFrameworksBuildPhase section */

/* Begin PBXGroup section */
		9F030000 = {
			isa = PBXGroup;
			children = (
				9F030001 /* VigilOR */,
				9F030002 /* Products */,
			);
			sourceTree = "<group>";
		};
		9F030001 /* VigilOR */ = {
			isa = PBXGroup;
			children = (
				9F010001 /* VigilORApp.swift */,
				9F010002 /* ContentView.swift */,
				9F030003 /* Services */,
				9F010006 /* AppIcon60x60@2x.png */,
				9F010007 /* AppIcon60x60@3x.png */,
				9F010008 /* AppIcon1024.png */,
				9F010005 /* Info.plist */,
			);
			path = VigilOR;
			sourceTree = "<group>";
		};
		9F030003 /* Services */ = {
			isa = PBXGroup;
			children = (
				9F010003 /* CalendarManager.swift */,
				9F010004 /* MailManager.swift */,
			);
			path = Services;
			sourceTree = "<group>";
		};
		9F030002 /* Products */ = {
			isa = PBXGroup;
			children = (
				9F010000 /* VigilOR.app */,
			);
			name = Products;
			sourceTree = "<group>";
		};
/* End PBXGroup section */

/* Begin PBXNativeTarget section */
		9B040000 /* VigilOR */ = {
			isa = PBXNativeTarget;
			buildConfigurationList = 9B050000 /* Build configuration list for PBXNativeTarget "VigilOR" */;
			buildPhases = (
				9B060000 /* Sources */,
				9B020000 /* Frameworks */,
				9B070000 /* Resources */,
			);
			buildRules = (
			);
			dependencies = (
			);
			name = VigilOR;
			productName = VigilOR;
			productReference = 9F010000 /* VigilOR.app */;
			productType = "com.apple.product-type.application";
		};
/* End PBXNativeTarget section */

/* Begin PBXProject section */
		9B080000 /* Project object */ = {
			isa = PBXProject;
			attributes = {
				BuildIndependentTargetsInParallel = 1;
				LastSwiftUpdateCheck = 1600;
				LastUpgradeCheck = 1600;
				TargetAttributes = {
					9B040000 = {
						CreatedOnToolsVersion = 16.0;
						DevelopmentTeam = 523MJL63MC;
						ProvisioningStyle = Automatic;
					};
				};
			};
			buildConfigurationList = 9B090000 /* Build configuration list for PBXProject "VigilOR" */;
			compatibilityVersion = "Xcode 14.0";
			developmentRegion = en;
			hasScannedForEncodings = 0;
			knownRegions = (
				en,
				Base,
			);
			mainGroup = 9F030000;
			productRefGroup = 9F030002 /* Products */;
			projectDirPath = "";
			projectRoot = "";
			targets = (
				9B040000 /* VigilOR */,
			);
		};
/* End PBXProject section */

/* Begin PBXResourcesBuildPhase section */
		9B070000 /* Resources */ = {
			isa = PBXResourcesBuildPhase;
			buildActionMask = 2147483647;
			files = (
				9B010005 /* AppIcon60x60@2x.png in Resources */,
				9B010006 /* AppIcon60x60@3x.png in Resources */,
				9B010007 /* AppIcon1024.png in Resources */,
			);
			runOnlyForDeploymentPostprocessing = 0;
		};
/* End PBXResourcesBuildPhase section */

/* Begin PBXSourcesBuildPhase section */
		9B060000 /* Sources */ = {
			isa = PBXSourcesBuildPhase;
			buildActionMask = 2147483647;
			files = (
				9B010001 /* VigilORApp.swift in Sources */,
				9B010002 /* ContentView.swift in Sources */,
				9B010003 /* CalendarManager.swift in Sources */,
				9B010004 /* MailManager.swift in Sources */,
			);
			runOnlyForDeploymentPostprocessing = 0;
		};
/* End PBXSourcesBuildPhase section */

/* Begin XCBuildConfiguration section */
		9B0A0001 /* Debug */ = {
			isa = XCBuildConfiguration;
			buildSettings = {
				ALWAYS_SEARCH_USER_PATHS = NO;
				CLANG_ANALYZER_NONNULL = YES;
				CLANG_CXX_LANGUAGE_STANDARD = "gnu++20";
				CLANG_ENABLE_MODULES = YES;
				CLANG_ENABLE_OBJC_ARC = YES;
				COPY_PHASE_STRIP = NO;
				DEBUG_INFORMATION_FORMAT = dwarf;
				ENABLE_PREVIEWS = NO;
				ENABLE_STRICT_OBJC_MSGSEND = YES;
				ENABLE_TESTABILITY = YES;
				GCC_DYNAMIC_NO_PIC = NO;
				GCC_OPTIMIZATION_LEVEL = 0;
				GCC_PREPROCESSOR_DEFINITIONS = (
					"DEBUG=1",
					"$(inherited)",
				);
				GCC_WARN_64_TO_32_BIT_CONVERSION = YES;
				GCC_WARN_ABOUT_RETURN_TYPE = YES_ERROR;
				GCC_WARN_UNINITIALIZED_AUTOS = YES_AGGRESSIVE;
				IPHONEOS_DEPLOYMENT_TARGET = 17.0;
				MTL_ENABLE_DEBUG_INFO = INCLUDE_SOURCE;
				ONLY_ACTIVE_ARCH = YES;
				SDKROOT = iphoneos;
				SWIFT_ACTIVE_COMPILATION_CONDITIONS = DEBUG;
				SWIFT_OPTIMIZATION_LEVEL = "-Onone";
			};
			name = Debug;
		};
		9B0A0002 /* Release */ = {
			isa = XCBuildConfiguration;
			buildSettings = {
				ALWAYS_SEARCH_USER_PATHS = NO;
				CLANG_ANALYZER_NONNULL = YES;
				CLANG_CXX_LANGUAGE_STANDARD = "gnu++20";
				CLANG_ENABLE_MODULES = YES;
				CLANG_ENABLE_OBJC_ARC = YES;
				COPY_PHASE_STRIP = NO;
				DEBUG_INFORMATION_FORMAT = "dwarf-with-dsym";
				ENABLE_NS_ASSERTIONS = NO;
				ENABLE_PREVIEWS = NO;
				ENABLE_STRICT_OBJC_MSGSEND = YES;
				GCC_WARN_64_TO_32_BIT_CONVERSION = YES;
				GCC_WARN_ABOUT_RETURN_TYPE = YES_ERROR;
				GCC_WARN_UNINITIALIZED_AUTOS = YES_AGGRESSIVE;
				IPHONEOS_DEPLOYMENT_TARGET = 17.0;
				MTL_ENABLE_DEBUG_INFO = NO;
				SDKROOT = iphoneos;
				SWIFT_COMPILATION_MODE = wholemodule;
				SWIFT_OPTIMIZATION_LEVEL = "-O";
				VALIDATE_PRODUCT = YES;
			};
			name = Release;
		};
		9B0B0001 /* Debug */ = {
			isa = XCBuildConfiguration;
			buildSettings = {
				CODE_SIGN_STYLE = Automatic;
				CURRENT_PROJECT_VERSION = 1;
				DEVELOPMENT_TEAM = 523MJL63MC;
				ENABLE_PREVIEWS = NO;
				GENERATE_INFOPLIST_FILE = NO;
				INFOPLIST_FILE = VigilOR/Info.plist;
				INFOPLIST_KEY_CFBundleDisplayName = VigilOR;
				INFOPLIST_KEY_LSRequiresIPhoneOS = YES;
				LD_RUNPATH_SEARCH_PATHS = (
					"$(inherited)",
					"@executable_path/Frameworks",
				);
				MARKETING_VERSION = 1.0.0;
				PRODUCT_BUNDLE_IDENTIFIER = com.AlexMohit.VigilOR;
				PRODUCT_NAME = "$(TARGET_NAME)";
				SUPPORTS_MAC_DESIGNED_FOR_IPHONE_IPAD = NO;
				SWIFT_EMIT_LOC_STRINGS = YES;
				SWIFT_VERSION = 5.0;
				TARGETED_DEVICE_FAMILY = "1";
			};
			name = Debug;
		};
		9B0B0002 /* Release */ = {
			isa = XCBuildConfiguration;
			buildSettings = {
				CODE_SIGN_STYLE = Automatic;
				CURRENT_PROJECT_VERSION = 1;
				DEVELOPMENT_TEAM = 523MJL63MC;
				ENABLE_PREVIEWS = NO;
				GENERATE_INFOPLIST_FILE = NO;
				INFOPLIST_FILE = VigilOR/Info.plist;
				INFOPLIST_KEY_CFBundleDisplayName = VigilOR;
				INFOPLIST_KEY_LSRequiresIPhoneOS = YES;
				LD_RUNPATH_SEARCH_PATHS = (
					"$(inherited)",
					"@executable_path/Frameworks",
				);
				MARKETING_VERSION = 1.0.0;
				PRODUCT_BUNDLE_IDENTIFIER = com.AlexMohit.VigilOR;
				PRODUCT_NAME = "$(TARGET_NAME)";
				SUPPORTS_MAC_DESIGNED_FOR_IPHONE_IPAD = NO;
				SWIFT_EMIT_LOC_STRINGS = YES;
				SWIFT_VERSION = 5.0;
				TARGETED_DEVICE_FAMILY = "1";
			};
			name = Release;
		};
/* End XCBuildConfiguration section */

/* Begin XCConfigurationList section */
		9B050000 /* Build configuration list for PBXNativeTarget "VigilOR" */ = {
			isa = XCConfigurationList;
			buildConfigurations = (
				9B0B0001 /* Debug */,
				9B0B0002 /* Release */,
			);
			defaultConfigurationIsVisible = 0;
			defaultConfigurationName = Release;
		};
		9B090000 /* Build configuration list for PBXProject "VigilOR" */ = {
			isa = XCConfigurationList;
			buildConfigurations = (
				9B0A0001 /* Debug */,
				9B0A0002 /* Release */,
			);
			defaultConfigurationIsVisible = 0;
			defaultConfigurationName = Release;
		};
/* End XCConfigurationList section */

	};
	rootObject = 9B080000 /* Project object */;
}
